
Microsoft Visual Studio Solution File, Format Version 12.00
# Visual Studio Version 16
VisualStudioVersion = 16.0.31911.196
MinimumVisualStudioVersion = 10.0.40219.1
Project("{FAE04EC0-301F-11D3-BF4B-00C04F79EFBC}") = "ExtentionsHomeWork", "ExtentionsHomeWork\ExtentionsHomeWork.csproj", "{30CC0F6F-7D90-401B-B559-852A7A7F16AF}"
EndProject
Global
	GlobalSection(SolutionConfigurationPlatforms) = preSolution
		Debug|Any CPU = Debug|Any CPU
		Release|Any CPU = Release|Any CPU
	EndGlobalSection
	GlobalSection(ProjectConfigurationPlatforms) = postSolution
		{30CC0F6F-7D90-401B-B559-852A7A7F16AF}.Debug|Any CPU.ActiveCfg = Debug|Any CPU
		{30CC0F6F-7D90-401B-B559-852A7A7F16AF}.Debug|Any CPU.Build.0 = Debug|Any CPU
		{30CC0F6F-7D90-401B-B559-852A7A7F16AF}.Release|Any CPU.ActiveCfg = Release|Any CPU
		{30CC0F6F-7D90-401B-B559-852A7A7F16AF}.Release|Any CPU.Build.0 = Release|Any CPU
	EndGlobalSection
	GlobalSection(SolutionProperties) = preSolution
		HideSolutionNode = FALSE
	EndGlobalSection
	GlobalSection(ExtensibilityGlobals) = postSolution
		SolutionGuid = {F162C1AF-A56E-41A0-8702-4AF0DE097B05}
	EndGlobalSection
EndGlobal
